
Microsoft Visual Studio Solution File, Format Version 12.00
# Visual Studio 15
VisualStudioVersion = 15.0.27428.2015
MinimumVisualStudioVersion = 10.0.40219.1
Project("{FAE04EC0-301F-11D3-BF4B-00C04F79EFBC}") = "T7", "T7\T7.csproj", "{73802674-1476-4BE7-BE1D-D8856C34053C}"
EndProject
Project("{FAE04EC0-301F-11D3-BF4B-00C04F79EFBC}") = "RecvBroadcst", "RecvBroadcst\RecvBroadcst.csproj", "{C11F515F-88A8-490C-BC0A-F7A06FA93C2B}"
EndProject
Global
	GlobalSection(SolutionConfigurationPlatforms) = preSolution
		Debug|Any CPU = Debug|Any CPU
		Release|Any CPU = Release|Any CPU
	EndGlobalSection
	GlobalSection(ProjectConfigurationPlatforms) = postSolution
		{73802674-1476-4BE7-BE1D-D8856C34053C}.Debug|Any CPU.ActiveCfg = Debug|Any CPU
		{73802674-1476-4BE7-BE1D-D8856C34053C}.Debug|Any CPU.Build.0 = Debug|Any CPU
		{73802674-1476-4BE7-BE1D-D8856C34053C}.Release|Any CPU.ActiveCfg = Release|Any CPU
		{73802674-1476-4BE7-BE1D-D8856C34053C}.Release|Any CPU.Build.0 = Release|Any CPU
		{C11F515F-88A8-490C-BC0A-F7A06FA93C2B}.Debug|Any CPU.ActiveCfg = Debug|Any CPU
		{C11F515F-88A8-490C-BC0A-F7A06FA93C2B}.Debug|Any CPU.Build.0 = Debug|Any CPU
		{C11F515F-88A8-490C-BC0A-F7A06FA93C2B}.Release|Any CPU.ActiveCfg = Release|Any CPU
		{C11F515F-88A8-490C-BC0A-F7A06FA93C2B}.Release|Any CPU.Build.0 = Release|Any CPU
	EndGlobalSection
	GlobalSection(SolutionProperties) = preSolution
		HideSolutionNode = FALSE
	EndGlobalSection
	GlobalSection(ExtensibilityGlobals) = postSolution
		SolutionGuid = {2CD53015-5806-4198-A746-80FA04E03A70}
	EndGlobalSection
EndGlobal
